Microsoft Visual Studio Solution File, Format Version 12.00
# Visual Studio Version 17
VisualStudioVersion = 17.5.2.0
MinimumVisualStudioVersion = 10.0.40219.1
Project("{FAE04EC0-301F-11D3-BF4B-00C04F79EFBC}") = "Lab03-Mezhidov", "Lab03-Mezhidov.csproj", "{5236990C-4A7E-FD08-5920-5B02BD137536}"
EndProject
Global
	GlobalSection(SolutionConfigurationPlatforms) = preSolution
		Debug|Any CPU = Debug|Any CPU
		Release|Any CPU = Release|Any CPU
	EndGlobalSection
	GlobalSection(ProjectConfigurationPlatforms) = postSolution
		{5236990C-4A7E-FD08-5920-5B02BD137536}.Debug|Any CPU.ActiveCfg = Debug|Any CPU
		{5236990C-4A7E-FD08-5920-5B02BD137536}.Debug|Any CPU.Build.0 = Debug|Any CPU
		{5236990C-4A7E-FD08-5920-5B02BD137536}.Release|Any CPU.ActiveCfg = Release|Any CPU
		{5236990C-4A7E-FD08-5920-5B02BD137536}.Release|Any CPU.Build.0 = Release|Any CPU
	EndGlobalSection
	GlobalSection(SolutionProperties) = preSolution
		HideSolutionNode = FALSE
	EndGlobalSection
	GlobalSection(ExtensibilityGlobals) = postSolution
		SolutionGuid = {1D2EBF3F-B023-4239-9471-44D0EC9FCBD3}
	EndGlobalSection
EndGlobal
